// !$*UTF8*$!
{
	archiveVersion = 1;
	classes = {
	};
	objectVersion = 56;
	objects = {

/* Begin PBXBuildFile section */
		321C38CA2B03CB97002CBA64 /* Swifter_for_SwiftUIApp.swift in Sources */ = {isa = PBXBuildFile; fileRef = 321C38C92B03CB97002CBA64 /* Swifter_for_SwiftUIApp.swift */; };
		321C38CC2B03CB97002CBA64 /* AllComponentsView.swift in Sources */ = {isa = PBXBuildFile; fileRef = 321C38CB2B03CB97002CBA64 /* AllComponentsView.swift */; };
		321C38CE2B03CB97002CBA64 /* SwiftComponent.swift in Sources */ = {isa = PBXBuildFile; fileRef = 321C38CD2B03CB97002CBA64 /* SwiftComponent.swift */; };
		321C38D02B03CB98002CBA64 /* Assets.xcassets in Resources */ = {isa = PBXBuildFile; fileRef = 321C38CF2B03CB98002CBA64 /* Assets.xcassets */; };
		321C38D32B03CB98002CBA64 /* Preview Assets.xcassets in Resources */ = {isa = PBXBuildFile; fileRef = 321C38D22B03CB98002CBA64 /* Preview Assets.xcassets */; };
		321C38DC2B03CBD7002CBA64 /* DetailsView.swift in Sources */ = {isa = PBXBuildFile; fileRef = 321C38DB2B03CBD7002CBA64 /* DetailsView.swift */; };
		321C38DE2B03D004002CBA64 /* SwiftComponentDetails.swift in Sources */ = {isa = PBXBuildFile; fileRef = 321C38DD2B03D004002CBA64 /* SwiftComponentDetails.swift */; };
		3221F7B82B03DB7500145D58 /* ButtonDetailsView.swift in Sources */ = {isa = PBXBuildFile; fileRef = 3221F7B72B03DB7500145D58 /* ButtonDetailsView.swift */; };
		3221F7BA2B03DB8000145D58 /* ListDetailsView.swift in Sources */ = {isa = PBXBuildFile; fileRef = 3221F7B92B03DB8000145D58 /* ListDetailsView.swift */; };
		3221F7BC2B03DB8C00145D58 /* TextFieldDetailsView.swift in Sources */ = {isa = PBXBuildFile; fileRef = 3221F7BB2B03DB8C00145D58 /* TextFieldDetailsView.swift */; };
		3221F7C12B04DAA300145D58 /* AppViewModel.swift in Sources */ = {isa = PBXBuildFile; fileRef = 3221F7C02B04DAA300145D58 /* AppViewModel.swift */; };
		3221F7C72B0507B800145D58 /* AllComponents.json in Resources */ = {isa = PBXBuildFile; fileRef = 3221F7C62B0507B800145D58 /* AllComponents.json */; };
		3221F7CA2B0508EE00145D58 /* ModelData.swift in Sources */ = {isa = PBXBuildFile; fileRef = 3221F7C92B0508EE00145D58 /* ModelData.swift */; };
		3221F7CC2B05095000145D58 /* Group.swift in Sources */ = {isa = PBXBuildFile; fileRef = 3221F7CB2B05095000145D58 /* Group.swift */; };
		3221F7CE2B050A4A00145D58 /* Component.swift in Sources */ = {isa = PBXBuildFile; fileRef = 3221F7CD2B050A4A00145D58 /* Component.swift */; };
		32220B9F2B0626540039D854 /* List.json in Resources */ = {isa = PBXBuildFile; fileRef = 32220B9E2B0626540039D854 /* List.json */; };
		32220BA12B0627D10039D854 /* Button.json in Resources */ = {isa = PBXBuildFile; fileRef = 32220BA02B0627D10039D854 /* Button.json */; };
		32220BA32B0627FA0039D854 /* TextField.json in Resources */ = {isa = PBXBuildFile; fileRef = 32220BA22B0627FA0039D854 /* TextField.json */; };
		32220BAC2B0634B10039D854 /* PreviewButton11.swift in Sources */ = {isa = PBXBuildFile; fileRef = 32220BAB2B0634B10039D854 /* PreviewButton11.swift */; };
		324186162B06742000B443F2 /* Splash in Frameworks */ = {isa = PBXBuildFile; productRef = 324186152B06742000B443F2 /* Splash */; };
		324186182B06742000B443F2 /* SplashHTMLGen in Frameworks */ = {isa = PBXBuildFile; productRef = 324186172B06742000B443F2 /* SplashHTMLGen */; };
		3241861A2B06742000B443F2 /* SplashMarkdown in Frameworks */ = {isa = PBXBuildFile; productRef = 324186192B06742000B443F2 /* SplashMarkdown */; };
		3241861C2B06742000B443F2 /* SplashTokenizer in Frameworks */ = {isa = PBXBuildFile; productRef = 3241861B2B06742000B443F2 /* SplashTokenizer */; };
		3241861E2B06775200B443F2 /* PreviewComponents.swift in Sources */ = {isa = PBXBuildFile; fileRef = 3241861D2B06775200B443F2 /* PreviewComponents.swift */; };
		324186212B07A02100B443F2 /* OpenAI.swift in Sources */ = {isa = PBXBuildFile; fileRef = 324186202B07A02100B443F2 /* OpenAI.swift */; };
		324186232B07A04100B443F2 /* OpenAIConstants.swift in Sources */ = {isa = PBXBuildFile; fileRef = 324186222B07A04100B443F2 /* OpenAIConstants.swift */; };
		324186252B07FFD800B443F2 /* PreviewButton2.swift in Sources */ = {isa = PBXBuildFile; fileRef = 324186242B07FFD800B443F2 /* PreviewButton2.swift */; };
		3241864C2B09498C00B443F2 /* PreviewButton1.swift in Sources */ = {isa = PBXBuildFile; fileRef = 3241864B2B09498C00B443F2 /* PreviewButton1.swift */; };
		3241864E2B0A7C8200B443F2 /* CodeBlockAndPreviewRenderer.swift in Sources */ = {isa = PBXBuildFile; fileRef = 3241864D2B0A7C8200B443F2 /* CodeBlockAndPreviewRenderer.swift */; };
		324186502B0A833000B443F2 /* CodeBlockHighlighter.swift in Sources */ = {isa = PBXBuildFile; fileRef = 3241864F2B0A833000B443F2 /* CodeBlockHighlighter.swift */; };
		32816A582B06255000FD7BA0 /* GroupBox.json in Resources */ = {isa = PBXBuildFile; fileRef = 32816A572B06255000FD7BA0 /* GroupBox.json */; };
		32A451B42B065771008709C1 /* TextBlockRenderer.swift in Sources */ = {isa = PBXBuildFile; fileRef = 32A451B32B065771008709C1 /* TextBlockRenderer.swift */; };
		32A451B62B065840008709C1 /* CodeBlockRenderer.swift in Sources */ = {isa = PBXBuildFile; fileRef = 32A451B52B065840008709C1 /* CodeBlockRenderer.swift */; };
		32A451B82B06589D008709C1 /* PreviewBlockRenderer.swift in Sources */ = {isa = PBXBuildFile; fileRef = 32A451B72B06589D008709C1 /* PreviewBlockRenderer.swift */; };
		32A451BA2B065A08008709C1 /* BlocksRenderer.swift in Sources */ = {isa = PBXBuildFile; fileRef = 32A451B92B065A08008709C1 /* BlocksRenderer.swift */; };
		32A451BC2B065A69008709C1 /* Block.swift in Sources */ = {isa = PBXBuildFile; fileRef = 32A451BB2B065A69008709C1 /* Block.swift */; };
		32A451BE2B065B87008709C1 /* ComponentDetails.swift in Sources */ = {isa = PBXBuildFile; fileRef = 32A451BD2B065B87008709C1 /* ComponentDetails.swift */; };
/* End PBXBuildFile section */

/* Begin PBXFileReference section */
		321C38C62B03CB97002CBA64 /* Swifter for SwiftUI.app */ = {isa = PBXFileReference; explicitFileType = wrapper.application; includeInIndex = 0; path = "Swifter for SwiftUI.app"; sourceTree = BUILT_PRODUCTS_DIR; };
		321C38C92B03CB97002CBA64 /* Swifter_for_SwiftUIApp.swift */ = {isa = PBXFileReference; lastKnownFileType = sourcecode.swift; path = Swifter_for_SwiftUIApp.swift; sourceTree = "<group>"; };
		321C38CB2B03CB97002CBA64 /* AllComponentsView.swift */ = {isa = PBXFileReference; lastKnownFileType = sourcecode.swift; path = AllComponentsView.swift; sourceTree = "<group>"; };
		321C38CD2B03CB97002CBA64 /* SwiftComponent.swift */ = {isa = PBXFileReference; lastKnownFileType = sourcecode.swift; path = SwiftComponent.swift; sourceTree = "<group>"; };
		321C38CF2B03CB98002CBA64 /* Assets.xcassets */ = {isa = PBXFileReference; lastKnownFileType = folder.assetcatalog; path = Assets.xcassets; sourceTree = "<group>"; };
		321C38D22B03CB98002CBA64 /* Preview Assets.xcassets */ = {isa = PBXFileReference; lastKnownFileType = folder.assetcatalog; path = "Preview Assets.xcassets"; sourceTree = "<group>"; };
		321C38DB2B03CBD7002CBA64 /* DetailsView.swift */ = {isa = PBXFileReference; lastKnownFileType = sourcecode.swift; path = DetailsView.swift; sourceTree = "<group>"; };
		321C38DD2B03D004002CBA64 /* SwiftComponentDetails.swift */ = {isa = PBXFileReference; lastKnownFileType = sourcecode.swift; path = SwiftComponentDetails.swift; sourceTree = "<group>"; };
		3221F7B72B03DB7500145D58 /* ButtonDetailsView.swift */ = {isa = PBXFileReference; lastKnownFileType = sourcecode.swift; path = ButtonDetailsView.swift; sourceTree = "<group>"; };
		3221F7B92B03DB8000145D58 /* ListDetailsView.swift */ = {isa = PBXFileReference; lastKnownFileType = sourcecode.swift; path = ListDetailsView.swift; sourceTree = "<group>"; };
		3221F7BB2B03DB8C00145D58 /* TextFieldDetailsView.swift */ = {isa = PBXFileReference; lastKnownFileType = sourcecode.swift; path = TextFieldDetailsView.swift; sourceTree = "<group>"; };
		3221F7C02B04DAA300145D58 /* AppViewModel.swift */ = {isa = PBXFileReference; lastKnownFileType = sourcecode.swift; path = AppViewModel.swift; sourceTree = "<group>"; };
		3221F7C62B0507B800145D58 /* AllComponents.json */ = {isa = PBXFileReference; fileEncoding = 4; lastKnownFileType = text.json; path = AllComponents.json; sourceTree = "<group>"; };
		3221F7C92B0508EE00145D58 /* ModelData.swift */ = {isa = PBXFileReference; lastKnownFileType = sourcecode.swift; path = ModelData.swift; sourceTree = "<group>"; };
		3221F7CB2B05095000145D58 /* Group.swift */ = {isa = PBXFileReference; lastKnownFileType = sourcecode.swift; path = Group.swift; sourceTree = "<group>"; };
		3221F7CD2B050A4A00145D58 /* Component.swift */ = {isa = PBXFileReference; lastKnownFileType = sourcecode.swift; path = Component.swift; sourceTree = "<group>"; };
		32220B9E2B0626540039D854 /* List.json */ = {isa = PBXFileReference; fileEncoding = 4; lastKnownFileType = text.json; path = List.json; sourceTree = "<group>"; };
		32220BA02B0627D10039D854 /* Button.json */ = {isa = PBXFileReference; fileEncoding = 4; lastKnownFileType = text.json; path = Button.json; sourceTree = "<group>"; };
		32220BA22B0627FA0039D854 /* TextField.json */ = {isa = PBXFileReference; fileEncoding = 4; lastKnownFileType = text.json; path = TextField.json; sourceTree = "<group>"; };
		32220BAB2B0634B10039D854 /* PreviewButton11.swift */ = {isa = PBXFileReference; lastKnownFileType = sourcecode.swift; path = PreviewButton11.swift; sourceTree = "<group>"; };
		3241861D2B06775200B443F2 /* PreviewComponents.swift */ = {isa = PBXFileReference; lastKnownFileType = sourcecode.swift; path = PreviewComponents.swift; sourceTree = "<group>"; };
		324186202B07A02100B443F2 /* OpenAI.swift */ = {isa = PBXFileReference; lastKnownFileType = sourcecode.swift; path = OpenAI.swift; sourceTree = "<group>"; };
		324186222B07A04100B443F2 /* OpenAIConstants.swift */ = {isa = PBXFileReference; lastKnownFileType = sourcecode.swift; path = OpenAIConstants.swift; sourceTree = "<group>"; };
		324186242B07FFD800B443F2 /* PreviewButton2.swift */ = {isa = PBXFileReference; fileEncoding = 4; lastKnownFileType = sourcecode.swift; path = PreviewButton2.swift; sourceTree = "<group>"; };
		324186272B08DA0B00B443F2 /* Config.xcconfig */ = {isa = PBXFileReference; lastKnownFileType = text.xcconfig; path = Config.xcconfig; sourceTree = "<group>"; };
		324186282B08DABA00B443F2 /* Swifter-for-SwiftUI-Info.plist */ = {isa = PBXFileReference; lastKnownFileType = text.plist; path = "Swifter-for-SwiftUI-Info.plist"; sourceTree = SOURCE_ROOT; };
		3241864B2B09498C00B443F2 /* PreviewButton1.swift */ = {isa = PBXFileReference; lastKnownFileType = sourcecode.swift; path = PreviewButton1.swift; sourceTree = "<group>"; };
		3241864D2B0A7C8200B443F2 /* CodeBlockAndPreviewRenderer.swift */ = {isa = PBXFileReference; lastKnownFileType = sourcecode.swift; path = CodeBlockAndPreviewRenderer.swift; sourceTree = "<group>"; };
		3241864F2B0A833000B443F2 /* CodeBlockHighlighter.swift */ = {isa = PBXFileReference; lastKnownFileType = sourcecode.swift; path = CodeBlockHighlighter.swift; sourceTree = "<group>"; };
		32816A572B06255000FD7BA0 /* GroupBox.json */ = {isa = PBXFileReference; fileEncoding = 4; lastKnownFileType = text.json; path = GroupBox.json; sourceTree = "<group>"; };
		32A451B32B065771008709C1 /* TextBlockRenderer.swift */ = {isa = PBXFileReference; lastKnownFileType = sourcecode.swift; path = TextBlockRenderer.swift; sourceTree = "<group>"; };
		32A451B52B065840008709C1 /* CodeBlockRenderer.swift */ = {isa = PBXFileReference; lastKnownFileType = sourcecode.swift; path = CodeBlockRenderer.swift; sourceTree = "<group>"; };
		32A451B72B06589D008709C1 /* PreviewBlockRenderer.swift */ = {isa = PBXFileReference; lastKnownFileType = sourcecode.swift; path = PreviewBlockRenderer.swift; sourceTree = "<group>"; };
		32A451B92B065A08008709C1 /* BlocksRenderer.swift */ = {isa = PBXFileReference; lastKnownFileType = sourcecode.swift; path = BlocksRenderer.swift; sourceTree = "<group>"; };
		32A451BB2B065A69008709C1 /* Block.swift */ = {isa = PBXFileReference; lastKnownFileType = sourcecode.swift; path = Block.swift; sourceTree = "<group>"; };
		32A451BD2B065B87008709C1 /* ComponentDetails.swift */ = {isa = PBXFileReference; lastKnownFileType = sourcecode.swift; path = ComponentDetails.swift; sourceTree = "<group>"; };
/* End PBXFileReference section */

/* Begin PBXFrameworksBuildPhase section */
		321C38C32B03CB97002CBA64 /* Frameworks */ = {
			isa = PBXFrameworksBuildPhase;
			buildActionMask = 2147483647;
			files = (
				324186162B06742000B443F2 /* Splash in Frameworks */,
				3241861C2B06742000B443F2 /* SplashTokenizer in Frameworks */,
				3241861A2B06742000B443F2 /* SplashMarkdown in Frameworks */,
				324186182B06742000B443F2 /* SplashHTMLGen in Frameworks */,
			);
			runOnlyForDeploymentPostprocessing = 0;
		};
/* End PBXFrameworksBuildPhase section */

/* Begin PBXGroup section */
		321C38BD2B03CB97002CBA64 = {
			isa = PBXGroup;
			children = (
				324186272B08DA0B00B443F2 /* Config.xcconfig */,
				321C38C82B03CB97002CBA64 /* Swifter for SwiftUI */,
				321C38C72B03CB97002CBA64 /* Products */,
			);
			sourceTree = "<group>";
		};
		321C38C72B03CB97002CBA64 /* Products */ = {
			isa = PBXGroup;
			children = (
				321C38C62B03CB97002CBA64 /* Swifter for SwiftUI.app */,
			);
			name = Products;
			sourceTree = "<group>";
		};
		321C38C82B03CB97002CBA64 /* Swifter for SwiftUI */ = {
			isa = PBXGroup;
			children = (
				324186282B08DABA00B443F2 /* Swifter-for-SwiftUI-Info.plist */,
				3241861F2B07A01300B443F2 /* OpenAI */,
				32220BA42B06341B0039D854 /* Components */,
				3221F7C82B0508D200145D58 /* Model */,
				321C38CF2B03CB98002CBA64 /* Assets.xcassets */,
				321C38D12B03CB98002CBA64 /* Preview Content */,
				3221F7C52B05072F00145D58 /* Resources */,
				321C38CD2B03CB97002CBA64 /* SwiftComponent.swift */,
				321C38DD2B03D004002CBA64 /* SwiftComponentDetails.swift */,
				321C38C92B03CB97002CBA64 /* Swifter_for_SwiftUIApp.swift */,
				3221F7BF2B04D92400145D58 /* ViewModels */,
				3221F7B62B03DB5500145D58 /* Views */,
			);
			path = "Swifter for SwiftUI";
			sourceTree = "<group>";
		};
		321C38D12B03CB98002CBA64 /* Preview Content */ = {
			isa = PBXGroup;
			children = (
				321C38D22B03CB98002CBA64 /* Preview Assets.xcassets */,
			);
			path = "Preview Content";
			sourceTree = "<group>";
		};
		3221F7B52B03DB3F00145D58 /* ComponentDetails */ = {
			isa = PBXGroup;
			children = (
				3221F7B72B03DB7500145D58 /* ButtonDetailsView.swift */,
				3221F7B92B03DB8000145D58 /* ListDetailsView.swift */,
				3221F7BB2B03DB8C00145D58 /* TextFieldDetailsView.swift */,
			);
			path = ComponentDetails;
			sourceTree = "<group>";
		};
		3221F7B62B03DB5500145D58 /* Views */ = {
			isa = PBXGroup;
			children = (
				3221F7B52B03DB3F00145D58 /* ComponentDetails */,
				321C38DB2B03CBD7002CBA64 /* DetailsView.swift */,
				321C38CB2B03CB97002CBA64 /* AllComponentsView.swift */,
			);
			path = Views;
			sourceTree = "<group>";
		};
		3221F7BF2B04D92400145D58 /* ViewModels */ = {
			isa = PBXGroup;
			children = (
				3221F7C02B04DAA300145D58 /* AppViewModel.swift */,
			);
			path = ViewModels;
			sourceTree = "<group>";
		};
		3221F7C52B05072F00145D58 /* Resources */ = {
			isa = PBXGroup;
			children = (
				3221F7C62B0507B800145D58 /* AllComponents.json */,
				32816A572B06255000FD7BA0 /* GroupBox.json */,
				32220B9E2B0626540039D854 /* List.json */,
				32220BA02B0627D10039D854 /* Button.json */,
				32220BA22B0627FA0039D854 /* TextField.json */,
			);
			path = Resources;
			sourceTree = "<group>";
		};
		3221F7C82B0508D200145D58 /* Model */ = {
			isa = PBXGroup;
			children = (
				3221F7C92B0508EE00145D58 /* ModelData.swift */,
				3221F7CB2B05095000145D58 /* Group.swift */,
				3221F7CD2B050A4A00145D58 /* Component.swift */,
				32A451BB2B065A69008709C1 /* Block.swift */,
				32A451BD2B065B87008709C1 /* ComponentDetails.swift */,
			);
			path = Model;
			sourceTree = "<group>";
		};
		32220BA42B06341B0039D854 /* Components */ = {
			isa = PBXGroup;
			children = (
				32220BA52B0634260039D854 /* PreviewComponents */,
				32A451B32B065771008709C1 /* TextBlockRenderer.swift */,
				32A451B52B065840008709C1 /* CodeBlockRenderer.swift */,
				32A451B72B06589D008709C1 /* PreviewBlockRenderer.swift */,
				3241864D2B0A7C8200B443F2 /* CodeBlockAndPreviewRenderer.swift */,
				32A451B92B065A08008709C1 /* BlocksRenderer.swift */,
				3241864F2B0A833000B443F2 /* CodeBlockHighlighter.swift */,
			);
			path = Components;
			sourceTree = "<group>";
		};
		32220BA52B0634260039D854 /* PreviewComponents */ = {
			isa = PBXGroup;
			children = (
				32220BA62B06345F0039D854 /* Button */,
				3241861D2B06775200B443F2 /* PreviewComponents.swift */,
			);
			path = PreviewComponents;
			sourceTree = "<group>";
		};
		32220BA62B06345F0039D854 /* Button */ = {
			isa = PBXGroup;
			children = (
				32220BAB2B0634B10039D854 /* PreviewButton11.swift */,
				324186242B07FFD800B443F2 /* PreviewButton2.swift */,
				3241864B2B09498C00B443F2 /* PreviewButton1.swift */,
			);
			path = Button;
			sourceTree = "<group>";
		};
		3241861F2B07A01300B443F2 /* OpenAI */ = {
			isa = PBXGroup;
			children = (
				324186202B07A02100B443F2 /* OpenAI.swift */,
				324186222B07A04100B443F2 /* OpenAIConstants.swift */,
			);
			path = OpenAI;
			sourceTree = "<group>";
		};
/* End PBXGroup section */

/* Begin PBXNativeTarget section */
		321C38C52B03CB97002CBA64 /* Swifter for SwiftUI */ = {
			isa = PBXNativeTarget;
			buildConfigurationList = 321C38D62B03CB98002CBA64 /* Build configuration list for PBXNativeTarget "Swifter for SwiftUI" */;
			buildPhases = (
				321C38C22B03CB97002CBA64 /* Sources */,
				321C38C32B03CB97002CBA64 /* Frameworks */,
				321C38C42B03CB97002CBA64 /* Resources */,
			);
			buildRules = (
			);
			dependencies = (
			);
			name = "Swifter for SwiftUI";
			packageProductDependencies = (
				324186152B06742000B443F2 /* Splash */,
				324186172B06742000B443F2 /* SplashHTMLGen */,
				324186192B06742000B443F2 /* SplashMarkdown */,
				3241861B2B06742000B443F2 /* SplashTokenizer */,
			);
			productName = "Swifter for SwiftUI";
			productReference = 321C38C62B03CB97002CBA64 /* Swifter for SwiftUI.app */;
			productType = "com.apple.product-type.application";
		};
/* End PBXNativeTarget section */

/* Begin PBXProject section */
		321C38BE2B03CB97002CBA64 /* Project object */ = {
			isa = PBXProject;
			attributes = {
				BuildIndependentTargetsInParallel = 1;
				LastSwiftUpdateCheck = 1500;
				LastUpgradeCheck = 1500;
				TargetAttributes = {
					321C38C52B03CB97002CBA64 = {
						CreatedOnToolsVersion = 15.0;
					};
				};
			};
			buildConfigurationList = 321C38C12B03CB97002CBA64 /* Build configuration list for PBXProject "Swifter for SwiftUI" */;
			compatibilityVersion = "Xcode 14.0";
			developmentRegion = en;
			hasScannedForEncodings = 0;
			knownRegions = (
				en,
				Base,
			);
			mainGroup = 321C38BD2B03CB97002CBA64;
			packageReferences = (
				324186072B06634700B443F2 /* XCRemoteSwiftPackageReference "Splash" */,
				324186102B0666B000B443F2 /* XCRemoteSwiftPackageReference "CodeMirror-SwiftUI" */,
			);
			productRefGroup = 321C38C72B03CB97002CBA64 /* Products */;
			projectDirPath = "";
			projectRoot = "";
			targets = (
				321C38C52B03CB97002CBA64 /* Swifter for SwiftUI */,
			);
		};
/* End PBXProject section */

/* Begin PBXResourcesBuildPhase section */
		321C38C42B03CB97002CBA64 /* Resources */ = {
			isa = PBXResourcesBuildPhase;
			buildActionMask = 2147483647;
			files = (
				32220B9F2B0626540039D854 /* List.json in Resources */,
				32220BA12B0627D10039D854 /* Button.json in Resources */,
				321C38D32B03CB98002CBA64 /* Preview Assets.xcassets in Resources */,
				321C38D02B03CB98002CBA64 /* Assets.xcassets in Resources */,
				3221F7C72B0507B800145D58 /* AllComponents.json in Resources */,
				32220BA32B0627FA0039D854 /* TextField.json in Resources */,
				32816A582B06255000FD7BA0 /* GroupBox.json in Resources */,
			);
			runOnlyForDeploymentPostprocessing = 0;
		};
/* End PBXResourcesBuildPhase section */

/* Begin PBXSourcesBuildPhase section */
		321C38C22B03CB97002CBA64 /* Sources */ = {
			isa = PBXSourcesBuildPhase;
			buildActionMask = 2147483647;
			files = (
				321C38DE2B03D004002CBA64 /* SwiftComponentDetails.swift in Sources */,
				3221F7BA2B03DB8000145D58 /* ListDetailsView.swift in Sources */,
				32A451BA2B065A08008709C1 /* BlocksRenderer.swift in Sources */,
				3221F7C12B04DAA300145D58 /* AppViewModel.swift in Sources */,
				321C38CC2B03CB97002CBA64 /* AllComponentsView.swift in Sources */,
				321C38DC2B03CBD7002CBA64 /* DetailsView.swift in Sources */,
				3221F7B82B03DB7500145D58 /* ButtonDetailsView.swift in Sources */,
				324186232B07A04100B443F2 /* OpenAIConstants.swift in Sources */,
				32A451BE2B065B87008709C1 /* ComponentDetails.swift in Sources */,
				3221F7CE2B050A4A00145D58 /* Component.swift in Sources */,
				324186502B0A833000B443F2 /* CodeBlockHighlighter.swift in Sources */,
				321C38CE2B03CB97002CBA64 /* SwiftComponent.swift in Sources */,
				32A451B62B065840008709C1 /* CodeBlockRenderer.swift in Sources */,
				324186252B07FFD800B443F2 /* PreviewButton2.swift in Sources */,
				32A451B82B06589D008709C1 /* PreviewBlockRenderer.swift in Sources */,
				3221F7CA2B0508EE00145D58 /* ModelData.swift in Sources */,
				3221F7CC2B05095000145D58 /* Group.swift in Sources */,
				3241861E2B06775200B443F2 /* PreviewComponents.swift in Sources */,
				324186212B07A02100B443F2 /* OpenAI.swift in Sources */,
				32220BAC2B0634B10039D854 /* PreviewButton11.swift in Sources */,
				3241864E2B0A7C8200B443F2 /* CodeBlockAndPreviewRenderer.swift in Sources */,
				321C38CA2B03CB97002CBA64 /* Swifter_for_SwiftUIApp.swift in Sources */,
				32A451BC2B065A69008709C1 /* Block.swift in Sources */,
				3221F7BC2B03DB8C00145D58 /* TextFieldDetailsView.swift in Sources */,
				3241864C2B09498C00B443F2 /* PreviewButton1.swift in Sources */,
				32A451B42B065771008709C1 /* TextBlockRenderer.swift in Sources */,
			);
			runOnlyForDeploymentPostprocessing = 0;
		};
/* End PBXSourcesBuildPhase section */

/* Begin XCBuildConfiguration section */
		321C38D42B03CB98002CBA64 /* Debug */ = {
			isa = XCBuildConfiguration;
			buildSettings = {
				ALWAYS_SEARCH_USER_PATHS = NO;
				ASSETCATALOG_COMPILER_GENERATE_SWIFT_ASSET_SYMBOL_EXTENSIONS = YES;
				CLANG_ANALYZER_NONNULL = YES;
				CLANG_ANALYZER_NUMBER_OBJECT_CONVERSION = YES_AGGRESSIVE;
				CLANG_CXX_LANGUAGE_STANDARD = "gnu++20";
				CLANG_ENABLE_MODULES = YES;
				CLANG_ENABLE_OBJC_ARC = YES;
				CLANG_ENABLE_OBJC_WEAK = YES;
				CLANG_WARN_BLOCK_CAPTURE_AUTORELEASING = YES;
				CLANG_WARN_BOOL_CONVERSION = YES;
				CLANG_WARN_COMMA = YES;
				CLANG_WARN_CONSTANT_CONVERSION = YES;
				CLANG_WARN_DEPRECATED_OBJC_IMPLEMENTATIONS = YES;
				CLANG_WARN_DIRECT_OBJC_ISA_USAGE = YES_ERROR;
				CLANG_WARN_DOCUMENTATION_COMMENTS = YES;
				CLANG_WARN_EMPTY_BODY = YES;
				CLANG_WARN_ENUM_CONVERSION = YES;
				CLANG_WARN_INFINITE_RECURSION = YES;
				CLANG_WARN_INT_CONVERSION = YES;
				CLANG_WARN_NON_LITERAL_NULL_CONVERSION = YES;
				CLANG_WARN_OBJC_IMPLICIT_RETAIN_SELF = YES;
				CLANG_WARN_OBJC_LITERAL_CONVERSION = YES;
				CLANG_WARN_OBJC_ROOT_CLASS = YES_ERROR;
				CLANG_WARN_QUOTED_INCLUDE_IN_FRAMEWORK_HEADER = YES;
				CLANG_WARN_RANGE_LOOP_ANALYSIS = YES;
				CLANG_WARN_STRICT_PROTOTYPES = YES;
				CLANG_WARN_SUSPICIOUS_MOVE = YES;
				CLANG_WARN_UNGUARDED_AVAILABILITY = YES_AGGRESSIVE;
				CLANG_WARN_UNREACHABLE_CODE = YES;
				CLANG_WARN__DUPLICATE_METHOD_MATCH = YES;
				COPY_PHASE_STRIP = NO;
				DEBUG_INFORMATION_FORMAT = dwarf;
				ENABLE_STRICT_OBJC_MSGSEND = YES;
				ENABLE_TESTABILITY = YES;
				ENABLE_USER_SCRIPT_SANDBOXING = YES;
				GCC_C_LANGUAGE_STANDARD = gnu17;
				GCC_DYNAMIC_NO_PIC = NO;
				GCC_NO_COMMON_BLOCKS = YES;
				GCC_OPTIMIZATION_LEVEL = 0;
				GCC_PREPROCESSOR_DEFINITIONS = (
					"DEBUG=1",
					"$(inherited)",
				);
				GCC_WARN_64_TO_32_BIT_CONVERSION = YES;
				GCC_WARN_ABOUT_RETURN_TYPE = YES_ERROR;
				GCC_WARN_UNDECLARED_SELECTOR = YES;
				GCC_WARN_UNINITIALIZED_AUTOS = YES_AGGRESSIVE;
				GCC_WARN_UNUSED_FUNCTION = YES;
				GCC_WARN_UNUSED_VARIABLE = YES;
				IPHONEOS_DEPLOYMENT_TARGET = 17.0;
				LOCALIZATION_PREFERS_STRING_CATALOGS = YES;
				MTL_ENABLE_DEBUG_INFO = INCLUDE_SOURCE;
				MTL_FAST_MATH = YES;
				ONLY_ACTIVE_ARCH = YES;
				SDKROOT = iphoneos;
				SWIFT_ACTIVE_COMPILATION_CONDITIONS = "DEBUG $(inherited)";
				SWIFT_OPTIMIZATION_LEVEL = "-Onone";
			};
			name = Debug;
		};
		321C38D52B03CB98002CBA64 /* Release */ = {
			isa = XCBuildConfiguration;
			buildSettings = {
				ALWAYS_SEARCH_USER_PATHS = NO;
				ASSETCATALOG_COMPILER_GENERATE_SWIFT_ASSET_SYMBOL_EXTENSIONS = YES;
				CLANG_ANALYZER_NONNULL = YES;
				CLANG_ANALYZER_NUMBER_OBJECT_CONVERSION = YES_AGGRESSIVE;
				CLANG_CXX_LANGUAGE_STANDARD = "gnu++20";
				CLANG_ENABLE_MODULES = YES;
				CLANG_ENABLE_OBJC_ARC = YES;
				CLANG_ENABLE_OBJC_WEAK = YES;
				CLANG_WARN_BLOCK_CAPTURE_AUTORELEASING = YES;
				CLANG_WARN_BOOL_CONVERSION = YES;
				CLANG_WARN_COMMA = YES;
				CLANG_WARN_CONSTANT_CONVERSION = YES;
				CLANG_WARN_DEPRECATED_OBJC_IMPLEMENTATIONS = YES;
				CLANG_WARN_DIRECT_OBJC_ISA_USAGE = YES_ERROR;
				CLANG_WARN_DOCUMENTATION_COMMENTS = YES;
				CLANG_WARN_EMPTY_BODY = YES;
				CLANG_WARN_ENUM_CONVERSION = YES;
				CLANG_WARN_INFINITE_RECURSION = YES;
				CLANG_WARN_INT_CONVERSION = YES;
				CLANG_WARN_NON_LITERAL_NULL_CONVERSION = YES;
				CLANG_WARN_OBJC_IMPLICIT_RETAIN_SELF = YES;
				CLANG_WARN_OBJC_LITERAL_CONVERSION = YES;
				CLANG_WARN_OBJC_ROOT_CLASS = YES_ERROR;
				CLANG_WARN_QUOTED_INCLUDE_IN_FRAMEWORK_HEADER = YES;
				CLANG_WARN_RANGE_LOOP_ANALYSIS = YES;
				CLANG_WARN_STRICT_PROTOTYPES = YES;
				CLANG_WARN_SUSPICIOUS_MOVE = YES;
				CLANG_WARN_UNGUARDED_AVAILABILITY = YES_AGGRESSIVE;
				CLANG_WARN_UNREACHABLE_CODE = YES;
				CLANG_WARN__DUPLICATE_METHOD_MATCH = YES;
				COPY_PHASE_STRIP = NO;
				DEBUG_INFORMATION_FORMAT = "dwarf-with-dsym";
				ENABLE_NS_ASSERTIONS = NO;
				ENABLE_STRICT_OBJC_MSGSEND = YES;
				ENABLE_USER_SCRIPT_SANDBOXING = YES;
				GCC_C_LANGUAGE_STANDARD = gnu17;
				GCC_NO_COMMON_BLOCKS = YES;
				GCC_WARN_64_TO_32_BIT_CONVERSION = YES;
				GCC_WARN_ABOUT_RETURN_TYPE = YES_ERROR;
				GCC_WARN_UNDECLARED_SELECTOR = YES;
				GCC_WARN_UNINITIALIZED_AUTOS = YES_AGGRESSIVE;
				GCC_WARN_UNUSED_FUNCTION = YES;
				GCC_WARN_UNUSED_VARIABLE = YES;
				IPHONEOS_DEPLOYMENT_TARGET = 17.0;
				LOCALIZATION_PREFERS_STRING_CATALOGS = YES;
				MTL_ENABLE_DEBUG_INFO = NO;
				MTL_FAST_MATH = YES;
				SDKROOT = iphoneos;
				SWIFT_COMPILATION_MODE = wholemodule;
				VALIDATE_PRODUCT = YES;
			};
			name = Release;
		};
		321C38D72B03CB98002CBA64 /* Debug */ = {
			isa = XCBuildConfiguration;
			baseConfigurationReference = 324186272B08DA0B00B443F2 /* Config.xcconfig */;
			buildSettings = {
				ASSETCATALOG_COMPILER_APPICON_NAME = AppIcon;
				ASSETCATALOG_COMPILER_GLOBAL_ACCENT_COLOR_NAME = AccentColor;
				CODE_SIGN_STYLE = Automatic;
				CURRENT_PROJECT_VERSION = 1;
				DEVELOPMENT_ASSET_PATHS = "\"Swifter for SwiftUI/Preview Content\"";
				DEVELOPMENT_TEAM = T2V3R3ZLQS;
				ENABLE_PREVIEWS = YES;
				GENERATE_INFOPLIST_FILE = YES;
				INFOPLIST_FILE = "Swifter-for-SwiftUI-Info.plist";
				INFOPLIST_KEY_UIApplicationSceneManifest_Generation = YES;
				INFOPLIST_KEY_UIApplicationSupportsIndirectInputEvents = YES;
				INFOPLIST_KEY_UILaunchScreen_Generation = YES;
				INFOPLIST_KEY_UISupportedInterfaceOrientations_iPad = "UIInterfaceOrientationPortrait UIInterfaceOrientationPortraitUpsideDown UIInterfaceOrientationLandscapeLeft UIInterfaceOrientationLandscapeRight";
				INFOPLIST_KEY_UISupportedInterfaceOrientations_iPhone = "UIInterfaceOrientationPortrait UIInterfaceOrientationLandscapeLeft UIInterfaceOrientationLandscapeRight";
				LD_RUNPATH_SEARCH_PATHS = (
					"$(inherited)",
					"@executable_path/Frameworks",
				);
				MARKETING_VERSION = 1.0;
				PRODUCT_BUNDLE_IDENTIFIER = "com.nc1.swifterforswiftui.Swifter-for-SwiftUI";
				PRODUCT_NAME = "$(TARGET_NAME)";
				SUPPORTED_PLATFORMS = "iphoneos iphonesimulator";
				SUPPORTS_MACCATALYST = NO;
				SUPPORTS_MAC_DESIGNED_FOR_IPHONE_IPAD = YES;
				SWIFT_EMIT_LOC_STRINGS = YES;
				SWIFT_VERSION = 5.0;
				TARGETED_DEVICE_FAMILY = "1,2";
			};
			name = Debug;
		};
		321C38D82B03CB98002CBA64 /* Release */ = {
			isa = XCBuildConfiguration;
			baseConfigurationReference = 324186272B08DA0B00B443F2 /* Config.xcconfig */;
			buildSettings = {
				ASSETCATALOG_COMPILER_APPICON_NAME = AppIcon;
				ASSETCATALOG_COMPILER_GLOBAL_ACCENT_COLOR_NAME = AccentColor;
				CODE_SIGN_STYLE = Automatic;
				CURRENT_PROJECT_VERSION = 1;
				DEVELOPMENT_ASSET_PATHS = "\"Swifter for SwiftUI/Preview Content\"";
				DEVELOPMENT_TEAM = T2V3R3ZLQS;
				ENABLE_PREVIEWS = YES;
				GENERATE_INFOPLIST_FILE = YES;
				INFOPLIST_FILE = "Swifter-for-SwiftUI-Info.plist";
				INFOPLIST_KEY_UIApplicationSceneManifest_Generation = YES;
				INFOPLIST_KEY_UIApplicationSupportsIndirectInputEvents = YES;
				INFOPLIST_KEY_UILaunchScreen_Generation = YES;
				INFOPLIST_KEY_UISupportedInterfaceOrientations_iPad = "UIInterfaceOrientationPortrait UIInterfaceOrientationPortraitUpsideDown UIInterfaceOrientationLandscapeLeft UIInterfaceOrientationLandscapeRight";
				INFOPLIST_KEY_UISupportedInterfaceOrientations_iPhone = "UIInterfaceOrientationPortrait UIInterfaceOrientationLandscapeLeft UIInterfaceOrientationLandscapeRight";
				LD_RUNPATH_SEARCH_PATHS = (
					"$(inherited)",
					"@executable_path/Frameworks",
				);
				MARKETING_VERSION = 1.0;
				PRODUCT_BUNDLE_IDENTIFIER = "com.nc1.swifterforswiftui.Swifter-for-SwiftUI";
				PRODUCT_NAME = "$(TARGET_NAME)";
				SUPPORTED_PLATFORMS = "iphoneos iphonesimulator";
				SUPPORTS_MACCATALYST = NO;
				SUPPORTS_MAC_DESIGNED_FOR_IPHONE_IPAD = YES;
				SWIFT_EMIT_LOC_STRINGS = YES;
				SWIFT_VERSION = 5.0;
				TARGETED_DEVICE_FAMILY = "1,2";
			};
			name = Release;
		};
/* End XCBuildConfiguration section */

/* Begin XCConfigurationList section */
		321C38C12B03CB97002CBA64 /* Build configuration list for PBXProject "Swifter for SwiftUI" */ = {
			isa = XCConfigurationList;
			buildConfigurations = (
				321C38D42B03CB98002CBA64 /* Debug */,
				321C38D52B03CB98002CBA64 /* Release */,
			);
			defaultConfigurationIsVisible = 0;
			defaultConfigurationName = Release;
		};
		321C38D62B03CB98002CBA64 /* Build configuration list for PBXNativeTarget "Swifter for SwiftUI" */ = {
			isa = XCConfigurationList;
			buildConfigurations = (
				321C38D72B03CB98002CBA64 /* Debug */,
				321C38D82B03CB98002CBA64 /* Release */,
			);
			defaultConfigurationIsVisible = 0;
			defaultConfigurationName = Release;
		};
/* End XCConfigurationList section */

/* Begin XCRemoteSwiftPackageReference section */
		324186072B06634700B443F2 /* XCRemoteSwiftPackageReference "Splash" */ = {
			isa = XCRemoteSwiftPackageReference;
			repositoryURL = "https://github.com/JohnSundell/Splash";
			requirement = {
				kind = exactVersion;
				version = 0.16.0;
			};
		};
		324186102B0666B000B443F2 /* XCRemoteSwiftPackageReference "CodeMirror-SwiftUI" */ = {
			isa = XCRemoteSwiftPackageReference;
			repositoryURL = "https://github.com/Pictarine/CodeMirror-SwiftUI";
			requirement = {
				branch = master;
				kind = branch;
			};
		};
/* End XCRemoteSwiftPackageReference section */

/* Begin XCSwiftPackageProductDependency section */
		324186152B06742000B443F2 /* Splash */ = {
			isa = XCSwiftPackageProductDependency;
			package = 324186072B06634700B443F2 /* XCRemoteSwiftPackageReference "Splash" */;
			productName = Splash;
		};
		324186172B06742000B443F2 /* SplashHTMLGen */ = {
			isa = XCSwiftPackageProductDependency;
			package = 324186072B06634700B443F2 /* XCRemoteSwiftPackageReference "Splash" */;
			productName = SplashHTMLGen;
		};
		324186192B06742000B443F2 /* SplashMarkdown */ = {
			isa = XCSwiftPackageProductDependency;
			package = 324186072B06634700B443F2 /* XCRemoteSwiftPackageReference "Splash" */;
			productName = SplashMarkdown;
		};
		3241861B2B06742000B443F2 /* SplashTokenizer */ = {
			isa = XCSwiftPackageProductDependency;
			package = 324186072B06634700B443F2 /* XCRemoteSwiftPackageReference "Splash" */;
			productName = SplashTokenizer;
		};
/* End XCSwiftPackageProductDependency section */
	};
	rootObject = 321C38BE2B03CB97002CBA64 /* Project object */;
}
