// !$*UTF8*$!
{
	archiveVersion = 1;
	classes = {
	};
	objectVersion = 56;
	objects = {

/* Begin PBXBuildFile section */
		321C38CA2B03CB97002CBA64 /* Swifter_for_SwiftUIApp.swift in Sources */ = {isa = PBXBuildFile; fileRef = 321C38C92B03CB97002CBA64 /* Swifter_for_SwiftUIApp.swift */; };
		321C38CC2B03CB97002CBA64 /* HomeView.swift in Sources */ = {isa = PBXBuildFile; fileRef = 321C38CB2B03CB97002CBA64 /* HomeView.swift */; };
		321C38CE2B03CB97002CBA64 /* SwiftComponent.swift in Sources */ = {isa = PBXBuildFile; fileRef = 321C38CD2B03CB97002CBA64 /* SwiftComponent.swift */; };
		321C38D02B03CB98002CBA64 /* Assets.xcassets in Resources */ = {isa = PBXBuildFile; fileRef = 321C38CF2B03CB98002CBA64 /* Assets.xcassets */; };
		321C38D32B03CB98002CBA64 /* Preview Assets.xcassets in Resources */ = {isa = PBXBuildFile; fileRef = 321C38D22B03CB98002CBA64 /* Preview Assets.xcassets */; };
		321C38DC2B03CBD7002CBA64 /* DetailsView.swift in Sources */ = {isa = PBXBuildFile; fileRef = 321C38DB2B03CBD7002CBA64 /* DetailsView.swift */; };
		321C38DE2B03D004002CBA64 /* SwiftComponentDetails.swift in Sources */ = {isa = PBXBuildFile; fileRef = 321C38DD2B03D004002CBA64 /* SwiftComponentDetails.swift */; };
/* End PBXBuildFile section */

/* Begin PBXFileReference section */
		321C38C62B03CB97002CBA64 /* Swifter for SwiftUI.app */ = {isa = PBXFileReference; explicitFileType = wrapper.application; includeInIndex = 0; path = "Swifter for SwiftUI.app"; sourceTree = BUILT_PRODUCTS_DIR; };
		321C38C92B03CB97002CBA64 /* Swifter_for_SwiftUIApp.swift */ = {isa = PBXFileReference; lastKnownFileType = sourcecode.swift; path = Swifter_for_SwiftUIApp.swift; sourceTree = "<group>"; };
		321C38CB2B03CB97002CBA64 /* HomeView.swift */ = {isa = PBXFileReference; lastKnownFileType = sourcecode.swift; path = HomeView.swift; sourceTree = "<group>"; };
		321C38CD2B03CB97002CBA64 /* SwiftComponent.swift */ = {isa = PBXFileReference; lastKnownFileType = sourcecode.swift; path = SwiftComponent.swift; sourceTree = "<group>"; };
		321C38CF2B03CB98002CBA64 /* Assets.xcassets */ = {isa = PBXFileReference; lastKnownFileType = folder.assetcatalog; path = Assets.xcassets; sourceTree = "<group>"; };
		321C38D22B03CB98002CBA64 /* Preview Assets.xcassets */ = {isa = PBXFileReference; lastKnownFileType = folder.assetcatalog; path = "Preview Assets.xcassets"; sourceTree = "<group>"; };
		321C38DB2B03CBD7002CBA64 /* DetailsView.swift */ = {isa = PBXFileReference; lastKnownFileType = sourcecode.swift; path = DetailsView.swift; sourceTree = "<group>"; };
		321C38DD2B03D004002CBA64 /* SwiftComponentDetails.swift */ = {isa = PBXFileReference; lastKnownFileType = sourcecode.swift; path = SwiftComponentDetails.swift; sourceTree = "<group>"; };
/* End PBXFileReference section */

/* Begin PBXFrameworksBuildPhase section */
		321C38C32B03CB97002CBA64 /* Frameworks */ = {
			isa = PBXFrameworksBuildPhase;
			buildActionMask = 2147483647;
			files = (
			);
			runOnlyForDeploymentPostprocessing = 0;
		};
/* End PBXFrameworksBuildPhase section */

/* Begin PBXGroup section */
		321C38BD2B03CB97002CBA64 = {
			isa = PBXGroup;
			children = (
				321C38C82B03CB97002CBA64 /* Swifter for SwiftUI */,
				321C38C72B03CB97002CBA64 /* Products */,
			);
			sourceTree = "<group>";
		};
		321C38C72B03CB97002CBA64 /* Products */ = {
			isa = PBXGroup;
			children = (
				321C38C62B03CB97002CBA64 /* Swifter for SwiftUI.app */,
			);
			name = Products;
			sourceTree = "<group>";
		};
		321C38C82B03CB97002CBA64 /* Swifter for SwiftUI */ = {
			isa = PBXGroup;
			children = (
				321C38C92B03CB97002CBA64 /* Swifter_for_SwiftUIApp.swift */,
				321C38CB2B03CB97002CBA64 /* HomeView.swift */,
				321C38DB2B03CBD7002CBA64 /* DetailsView.swift */,
				321C38CD2B03CB97002CBA64 /* SwiftComponent.swift */,
				321C38DD2B03D004002CBA64 /* SwiftComponentDetails.swift */,
				321C38CF2B03CB98002CBA64 /* Assets.xcassets */,
				321C38D12B03CB98002CBA64 /* Preview Content */,
			);
			path = "Swifter for SwiftUI";
			sourceTree = "<group>";
		};
		321C38D12B03CB98002CBA64 /* Preview Content */ = {
			isa = PBXGroup;
			children = (
				321C38D22B03CB98002CBA64 /* Preview Assets.xcassets */,
			);
			path = "Preview Content";
			sourceTree = "<group>";
		};
/* End PBXGroup section */

/* Begin PBXNativeTarget section */
		321C38C52B03CB97002CBA64 /* Swifter for SwiftUI */ = {
			isa = PBXNativeTarget;
			buildConfigurationList = 321C38D62B03CB98002CBA64 /* Build configuration list for PBXNativeTarget "Swifter for SwiftUI" */;
			buildPhases = (
				321C38C22B03CB97002CBA64 /* Sources */,
				321C38C32B03CB97002CBA64 /* Frameworks */,
				321C38C42B03CB97002CBA64 /* Resources */,
			);
			buildRules = (
			);
			dependencies = (
			);
			name = "Swifter for SwiftUI";
			productName = "Swifter for SwiftUI";
			productReference = 321C38C62B03CB97002CBA64 /* Swifter for SwiftUI.app */;
			productType = "com.apple.product-type.application";
		};
/* End PBXNativeTarget section */

/* Begin PBXProject section */
		321C38BE2B03CB97002CBA64 /* Project object */ = {
			isa = PBXProject;
			attributes = {
				BuildIndependentTargetsInParallel = 1;
				LastSwiftUpdateCheck = 1500;
				LastUpgradeCheck = 1500;
				TargetAttributes = {
					321C38C52B03CB97002CBA64 = {
						CreatedOnToolsVersion = 15.0;
					};
				};
			};
			buildConfigurationList = 321C38C12B03CB97002CBA64 /* Build configuration list for PBXProject "Swifter for SwiftUI" */;
			compatibilityVersion = "Xcode 14.0";
			developmentRegion = en;
			hasScannedForEncodings = 0;
			knownRegions = (
				en,
				Base,
			);
			mainGroup = 321C38BD2B03CB97002CBA64;
			productRefGroup = 321C38C72B03CB97002CBA64 /* Products */;
			projectDirPath = "";
			projectRoot = "";
			targets = (
				321C38C52B03CB97002CBA64 /* Swifter for SwiftUI */,
			);
		};
/* End PBXProject section */

/* Begin PBXResourcesBuildPhase section */
		321C38C42B03CB97002CBA64 /* Resources */ = {
			isa = PBXResourcesBuildPhase;
			buildActionMask = 2147483647;
			files = (
				321C38D32B03CB98002CBA64 /* Preview Assets.xcassets in Resources */,
				321C38D02B03CB98002CBA64 /* Assets.xcassets in Resources */,
			);
			runOnlyForDeploymentPostprocessing = 0;
		};
/* End PBXResourcesBuildPhase section */

/* Begin PBXSourcesBuildPhase section */
		321C38C22B03CB97002CBA64 /* Sources */ = {
			isa = PBXSourcesBuildPhase;
			buildActionMask = 2147483647;
			files = (
				321C38DE2B03D004002CBA64 /* SwiftComponentDetails.swift in Sources */,
				321C38CC2B03CB97002CBA64 /* HomeView.swift in Sources */,
				321C38DC2B03CBD7002CBA64 /* DetailsView.swift in Sources */,
				321C38CE2B03CB97002CBA64 /* SwiftComponent.swift in Sources */,
				321C38CA2B03CB97002CBA64 /* Swifter_for_SwiftUIApp.swift in Sources */,
			);
			runOnlyForDeploymentPostprocessing = 0;
		};
/* End PBXSourcesBuildPhase section */

/* Begin XCBuildConfiguration section */
		321C38D42B03CB98002CBA64 /* Debug */ = {
			isa = XCBuildConfiguration;
			buildSettings = {
				ALWAYS_SEARCH_USER_PATHS = NO;
				ASSETCATALOG_COMPILER_GENERATE_SWIFT_ASSET_SYMBOL_EXTENSIONS = YES;
				CLANG_ANALYZER_NONNULL = YES;
				CLANG_ANALYZER_NUMBER_OBJECT_CONVERSION = YES_AGGRESSIVE;
				CLANG_CXX_LANGUAGE_STANDARD = "gnu++20";
				CLANG_ENABLE_MODULES = YES;
				CLANG_ENABLE_OBJC_ARC = YES;
				CLANG_ENABLE_OBJC_WEAK = YES;
				CLANG_WARN_BLOCK_CAPTURE_AUTORELEASING = YES;
				CLANG_WARN_BOOL_CONVERSION = YES;
				CLANG_WARN_COMMA = YES;
				CLANG_WARN_CONSTANT_CONVERSION = YES;
				CLANG_WARN_DEPRECATED_OBJC_IMPLEMENTATIONS = YES;
				CLANG_WARN_DIRECT_OBJC_ISA_USAGE = YES_ERROR;
				CLANG_WARN_DOCUMENTATION_COMMENTS = YES;
				CLANG_WARN_EMPTY_BODY = YES;
				CLANG_WARN_ENUM_CONVERSION = YES;
				CLANG_WARN_INFINITE_RECURSION = YES;
				CLANG_WARN_INT_CONVERSION = YES;
				CLANG_WARN_NON_LITERAL_NULL_CONVERSION = YES;
				CLANG_WARN_OBJC_IMPLICIT_RETAIN_SELF = YES;
				CLANG_WARN_OBJC_LITERAL_CONVERSION = YES;
				CLANG_WARN_OBJC_ROOT_CLASS = YES_ERROR;
				CLANG_WARN_QUOTED_INCLUDE_IN_FRAMEWORK_HEADER = YES;
				CLANG_WARN_RANGE_LOOP_ANALYSIS = YES;
				CLANG_WARN_STRICT_PROTOTYPES = YES;
				CLANG_WARN_SUSPICIOUS_MOVE = YES;
				CLANG_WARN_UNGUARDED_AVAILABILITY = YES_AGGRESSIVE;
				CLANG_WARN_UNREACHABLE_CODE = YES;
				CLANG_WARN__DUPLICATE_METHOD_MATCH = YES;
				COPY_PHASE_STRIP = NO;
				DEBUG_INFORMATION_FORMAT = dwarf;
				ENABLE_STRICT_OBJC_MSGSEND = YES;
				ENABLE_TESTABILITY = YES;
				ENABLE_USER_SCRIPT_SANDBOXING = YES;
				GCC_C_LANGUAGE_STANDARD = gnu17;
				GCC_DYNAMIC_NO_PIC = NO;
				GCC_NO_COMMON_BLOCKS = YES;
				GCC_OPTIMIZATION_LEVEL = 0;
				GCC_PREPROCESSOR_DEFINITIONS = (
					"DEBUG=1",
					"$(inherited)",
				);
				GCC_WARN_64_TO_32_BIT_CONVERSION = YES;
				GCC_WARN_ABOUT_RETURN_TYPE = YES_ERROR;
				GCC_WARN_UNDECLARED_SELECTOR = YES;
				GCC_WARN_UNINITIALIZED_AUTOS = YES_AGGRESSIVE;
				GCC_WARN_UNUSED_FUNCTION = YES;
				GCC_WARN_UNUSED_VARIABLE = YES;
				IPHONEOS_DEPLOYMENT_TARGET = 17.0;
				LOCALIZATION_PREFERS_STRING_CATALOGS = YES;
				MTL_ENABLE_DEBUG_INFO = INCLUDE_SOURCE;
				MTL_FAST_MATH = YES;
				ONLY_ACTIVE_ARCH = YES;
				SDKROOT = iphoneos;
				SWIFT_ACTIVE_COMPILATION_CONDITIONS = "DEBUG $(inherited)";
				SWIFT_OPTIMIZATION_LEVEL = "-Onone";
			};
			name = Debug;
		};
		321C38D52B03CB98002CBA64 /* Release */ = {
			isa = XCBuildConfiguration;
			buildSettings = {
				ALWAYS_SEARCH_USER_PATHS = NO;
				ASSETCATALOG_COMPILER_GENERATE_SWIFT_ASSET_SYMBOL_EXTENSIONS = YES;
				CLANG_ANALYZER_NONNULL = YES;
				CLANG_ANALYZER_NUMBER_OBJECT_CONVERSION = YES_AGGRESSIVE;
				CLANG_CXX_LANGUAGE_STANDARD = "gnu++20";
				CLANG_ENABLE_MODULES = YES;
				CLANG_ENABLE_OBJC_ARC = YES;
				CLANG_ENABLE_OBJC_WEAK = YES;
				CLANG_WARN_BLOCK_CAPTURE_AUTORELEASING = YES;
				CLANG_WARN_BOOL_CONVERSION = YES;
				CLANG_WARN_COMMA = YES;
				CLANG_WARN_CONSTANT_CONVERSION = YES;
				CLANG_WARN_DEPRECATED_OBJC_IMPLEMENTATIONS = YES;
				CLANG_WARN_DIRECT_OBJC_ISA_USAGE = YES_ERROR;
				CLANG_WARN_DOCUMENTATION_COMMENTS = YES;
				CLANG_WARN_EMPTY_BODY = YES;
				CLANG_WARN_ENUM_CONVERSION = YES;
				CLANG_WARN_INFINITE_RECURSION = YES;
				CLANG_WARN_INT_CONVERSION = YES;
				CLANG_WARN_NON_LITERAL_NULL_CONVERSION = YES;
				CLANG_WARN_OBJC_IMPLICIT_RETAIN_SELF = YES;
				CLANG_WARN_OBJC_LITERAL_CONVERSION = YES;
				CLANG_WARN_OBJC_ROOT_CLASS = YES_ERROR;
				CLANG_WARN_QUOTED_INCLUDE_IN_FRAMEWORK_HEADER = YES;
				CLANG_WARN_RANGE_LOOP_ANALYSIS = YES;
				CLANG_WARN_STRICT_PROTOTYPES = YES;
				CLANG_WARN_SUSPICIOUS_MOVE = YES;
				CLANG_WARN_UNGUARDED_AVAILABILITY = YES_AGGRESSIVE;
				CLANG_WARN_UNREACHABLE_CODE = YES;
				CLANG_WARN__DUPLICATE_METHOD_MATCH = YES;
				COPY_PHASE_STRIP = NO;
				DEBUG_INFORMATION_FORMAT = "dwarf-with-dsym";
				ENABLE_NS_ASSERTIONS = NO;
				ENABLE_STRICT_OBJC_MSGSEND = YES;
				ENABLE_USER_SCRIPT_SANDBOXING = YES;
				GCC_C_LANGUAGE_STANDARD = gnu17;
				GCC_NO_COMMON_BLOCKS = YES;
				GCC_WARN_64_TO_32_BIT_CONVERSION = YES;
				GCC_WARN_ABOUT_RETURN_TYPE = YES_ERROR;
				GCC_WARN_UNDECLARED_SELECTOR = YES;
				GCC_WARN_UNINITIALIZED_AUTOS = YES_AGGRESSIVE;
				GCC_WARN_UNUSED_FUNCTION = YES;
				GCC_WARN_UNUSED_VARIABLE = YES;
				IPHONEOS_DEPLOYMENT_TARGET = 17.0;
				LOCALIZATION_PREFERS_STRING_CATALOGS = YES;
				MTL_ENABLE_DEBUG_INFO = NO;
				MTL_FAST_MATH = YES;
				SDKROOT = iphoneos;
				SWIFT_COMPILATION_MODE = wholemodule;
				VALIDATE_PRODUCT = YES;
			};
			name = Release;
		};
		321C38D72B03CB98002CBA64 /* Debug */ = {
			isa = XCBuildConfiguration;
			buildSettings = {
				ASSETCATALOG_COMPILER_APPICON_NAME = AppIcon;
				ASSETCATALOG_COMPILER_GLOBAL_ACCENT_COLOR_NAME = AccentColor;
				CODE_SIGN_STYLE = Automatic;
				CURRENT_PROJECT_VERSION = 1;
				DEVELOPMENT_ASSET_PATHS = "\"Swifter for SwiftUI/Preview Content\"";
				DEVELOPMENT_TEAM = T2V3R3ZLQS;
				ENABLE_PREVIEWS = YES;
				GENERATE_INFOPLIST_FILE = YES;
				INFOPLIST_KEY_UIApplicationSceneManifest_Generation = YES;
				INFOPLIST_KEY_UIApplicationSupportsIndirectInputEvents = YES;
				INFOPLIST_KEY_UILaunchScreen_Generation = YES;
				INFOPLIST_KEY_UISupportedInterfaceOrientations_iPad = "UIInterfaceOrientationPortrait UIInterfaceOrientationPortraitUpsideDown UIInterfaceOrientationLandscapeLeft UIInterfaceOrientationLandscapeRight";
				INFOPLIST_KEY_UISupportedInterfaceOrientations_iPhone = "UIInterfaceOrientationPortrait UIInterfaceOrientationLandscapeLeft UIInterfaceOrientationLandscapeRight";
				LD_RUNPATH_SEARCH_PATHS = (
					"$(inherited)",
					"@executable_path/Frameworks",
				);
				MARKETING_VERSION = 1.0;
				PRODUCT_BUNDLE_IDENTIFIER = "com.nc1.swifterforswiftui.Swifter-for-SwiftUI";
				PRODUCT_NAME = "$(TARGET_NAME)";
				SWIFT_EMIT_LOC_STRINGS = YES;
				SWIFT_VERSION = 5.0;
				TARGETED_DEVICE_FAMILY = "1,2";
			};
			name = Debug;
		};
		321C38D82B03CB98002CBA64 /* Release */ = {
			isa = XCBuildConfiguration;
			buildSettings = {
				ASSETCATALOG_COMPILER_APPICON_NAME = AppIcon;
				ASSETCATALOG_COMPILER_GLOBAL_ACCENT_COLOR_NAME = AccentColor;
				CODE_SIGN_STYLE = Automatic;
				CURRENT_PROJECT_VERSION = 1;
				DEVELOPMENT_ASSET_PATHS = "\"Swifter for SwiftUI/Preview Content\"";
				DEVELOPMENT_TEAM = T2V3R3ZLQS;
				ENABLE_PREVIEWS = YES;
				GENERATE_INFOPLIST_FILE = YES;
				INFOPLIST_KEY_UIApplicationSceneManifest_Generation = YES;
				INFOPLIST_KEY_UIApplicationSupportsIndirectInputEvents = YES;
				INFOPLIST_KEY_UILaunchScreen_Generation = YES;
				INFOPLIST_KEY_UISupportedInterfaceOrientations_iPad = "UIInterfaceOrientationPortrait UIInterfaceOrientationPortraitUpsideDown UIInterfaceOrientationLandscapeLeft UIInterfaceOrientationLandscapeRight";
				INFOPLIST_KEY_UISupportedInterfaceOrientations_iPhone = "UIInterfaceOrientationPortrait UIInterfaceOrientationLandscapeLeft UIInterfaceOrientationLandscapeRight";
				LD_RUNPATH_SEARCH_PATHS = (
					"$(inherited)",
					"@executable_path/Frameworks",
				);
				MARKETING_VERSION = 1.0;
				PRODUCT_BUNDLE_IDENTIFIER = "com.nc1.swifterforswiftui.Swifter-for-SwiftUI";
				PRODUCT_NAME = "$(TARGET_NAME)";
				SWIFT_EMIT_LOC_STRINGS = YES;
				SWIFT_VERSION = 5.0;
				TARGETED_DEVICE_FAMILY = "1,2";
			};
			name = Release;
		};
/* End XCBuildConfiguration section */

/* Begin XCConfigurationList section */
		321C38C12B03CB97002CBA64 /* Build configuration list for PBXProject "Swifter for SwiftUI" */ = {
			isa = XCConfigurationList;
			buildConfigurations = (
				321C38D42B03CB98002CBA64 /* Debug */,
				321C38D52B03CB98002CBA64 /* Release */,
			);
			defaultConfigurationIsVisible = 0;
			defaultConfigurationName = Release;
		};
		321C38D62B03CB98002CBA64 /* Build configuration list for PBXNativeTarget "Swifter for SwiftUI" */ = {
			isa = XCConfigurationList;
			buildConfigurations = (
				321C38D72B03CB98002CBA64 /* Debug */,
				321C38D82B03CB98002CBA64 /* Release */,
			);
			defaultConfigurationIsVisible = 0;
			defaultConfigurationName = Release;
		};
/* End XCConfigurationList section */
	};
	rootObject = 321C38BE2B03CB97002CBA64 /* Project object */;
}
